// !$*UTF8*$!
{
	archiveVersion = 1;
	classes = {
	};
	objectVersion = 46;
	objects = {

/* Begin PBXBuildFile section */
		00C5A1990CD74B29B6EB538F /* Pods_JohnLewisTests.framework in Frameworks */ = {isa = PBXBuildFile; fileRef = 8AA29AE6121274E2AD283443 /* Pods_JohnLewisTests.framework */; };
		35CDF0B22B206B5F19461C18 /* PushingProductDetailRouter.swift in Sources */ = {isa = PBXBuildFile; fileRef = 35CDFD93187C8B4B9A0DCFBF /* PushingProductDetailRouter.swift */; };
		35CDF1153EA12311F3CCF0AB /* ProductDetailEventHandler.swift in Sources */ = {isa = PBXBuildFile; fileRef = 35CDFD06AAB5C1099AD68EDE /* ProductDetailEventHandler.swift */; };
		35CDF15818B93E3BFD617A75 /* ProductListViewPresenterTests.swift in Sources */ = {isa = PBXBuildFile; fileRef = 35CDF04AE263F840342044E2 /* ProductListViewPresenterTests.swift */; };
		35CDF193B21B19EA8BBC9FEF /* RequestFactoryTests.swift in Sources */ = {isa = PBXBuildFile; fileRef = 35CDF864DA591952765BCC3D /* RequestFactoryTests.swift */; };
		35CDF1C4F0C12A9E68687086 /* ProductListCollectionViewController.swift in Sources */ = {isa = PBXBuildFile; fileRef = 35CDF3F0ED25A71FBF57E54C /* ProductListCollectionViewController.swift */; };
		35CDF1D8533EF60F24979076 /* Constants.swift in Sources */ = {isa = PBXBuildFile; fileRef = 35CDF97F39545CB6F390165D /* Constants.swift */; };
		35CDF20BD194BAF4D7B43367 /* ProductDetailPresenter.swift in Sources */ = {isa = PBXBuildFile; fileRef = 35CDF22092357EF24CBC7C79 /* ProductDetailPresenter.swift */; };
		35CDF273B7BD2E6BA1470881 /* MockRequestFactory.swift in Sources */ = {isa = PBXBuildFile; fileRef = 35CDF72E2A6C989F2D4E6619 /* MockRequestFactory.swift */; };
		35CDF2A08937CC15F0461AEA /* NetworkProductListFetcher.swift in Sources */ = {isa = PBXBuildFile; fileRef = 35CDF3E8F58C3F2FB93034EA /* NetworkProductListFetcher.swift */; };
		35CDF2C74CF30BE5456C2CC9 /* MockProductListView.swift in Sources */ = {isa = PBXBuildFile; fileRef = 35CDF9D79326D30EDE762F4C /* MockProductListView.swift */; };
		35CDF32B3A79A38117E73DA3 /* NetworkProductListFetcherTests.swift in Sources */ = {isa = PBXBuildFile; fileRef = 35CDF8A68B76B75F85E28CEB /* NetworkProductListFetcherTests.swift */; };
		35CDF385772AB306726D0B80 /* FetcherTests.swift in Sources */ = {isa = PBXBuildFile; fileRef = 35CDFF06D8DC12F1D22416E4 /* FetcherTests.swift */; };
		35CDF3C37E484D1967DF4D73 /* DataParser.swift in Sources */ = {isa = PBXBuildFile; fileRef = 35CDF718317C61B7C52D22C8 /* DataParser.swift */; };
		35CDF3EB80ED1352B256B53D /* ProductTests.swift in Sources */ = {isa = PBXBuildFile; fileRef = 35CDF745D92BBBA9F7EC1677 /* ProductTests.swift */; };
		35CDF3FA826A09D94E8F28B4 /* DefaultRequestFactory.swift in Sources */ = {isa = PBXBuildFile; fileRef = 35CDF16EFF9344DDF6CC746A /* DefaultRequestFactory.swift */; };
		35CDF4AE409499C3753DC086 /* ProductListViewPresenter.swift in Sources */ = {isa = PBXBuildFile; fileRef = 35CDF2A4547F9BD287542CDD /* ProductListViewPresenter.swift */; };
		35CDF4E01131858E729DB72D /* MockProductDetailView.swift in Sources */ = {isa = PBXBuildFile; fileRef = 35CDFB2E6F5DEE3F5338865A /* MockProductDetailView.swift */; };
		35CDF502EEFFAB1C545F5ACF /* ProductCell.swift in Sources */ = {isa = PBXBuildFile; fileRef = 35CDF4AACF71BA265B5620CA /* ProductCell.swift */; };
		35CDF52DDEEA9AD4E7225F24 /* URLSchemeFixer.swift in Sources */ = {isa = PBXBuildFile; fileRef = 35CDF6E998D5778C7D39AD37 /* URLSchemeFixer.swift */; };
		35CDF53546F38224D570A24E /* DataParserTests.swift in Sources */ = {isa = PBXBuildFile; fileRef = 35CDF0B165E3D693BB5968C4 /* DataParserTests.swift */; };
		35CDF5692C7402428C0BE11C /* Product.swift in Sources */ = {isa = PBXBuildFile; fileRef = 35CDFA1BF31BAF06B15667C4 /* Product.swift */; };
		35CDF5D2B84D876AB8FFEBEE /* AppDelegate.swift in Sources */ = {isa = PBXBuildFile; fileRef = 35CDFEF70E992531E349E31F /* AppDelegate.swift */; };
		35CDF5FE8AA0536A8E6F6612 /* main.swift in Sources */ = {isa = PBXBuildFile; fileRef = 35CDF0D8206175D5E7AFDD6E /* main.swift */; };
		35CDF6387CFA6414E9E1B7C9 /* ProductListView.swift in Sources */ = {isa = PBXBuildFile; fileRef = 35CDF9E4D771884190909689 /* ProductListView.swift */; };
		35CDF66B60BAA8408BF5C0A1 /* JLRequest.swift in Sources */ = {isa = PBXBuildFile; fileRef = 35CDF30510E4B59E76846633 /* JLRequest.swift */; };
		35CDF6AC6CA2097F2B385884 /* ProductDetailRouter.swift in Sources */ = {isa = PBXBuildFile; fileRef = 35CDFB8D01E9F272700E33BA /* ProductDetailRouter.swift */; };
		35CDF6FDA8A268F07D261DDD /* ProductListEventHandler.swift in Sources */ = {isa = PBXBuildFile; fileRef = 35CDF62FDF86AF41A42C43B2 /* ProductListEventHandler.swift */; };
		35CDF7E46E21000A4EE02C63 /* MockRequest.swift in Sources */ = {isa = PBXBuildFile; fileRef = 35CDF819B515DD03FB50119A /* MockRequest.swift */; };
		35CDF800AC41A8DADBB61551 /* ProductDetail.swift in Sources */ = {isa = PBXBuildFile; fileRef = 35CDF4FCAD478063FB203BC1 /* ProductDetail.swift */; };
		35CDF86B85F296B549175BBB /* ResultTests.swift in Sources */ = {isa = PBXBuildFile; fileRef = 35CDFC6A08286B9EFF6AA296 /* ResultTests.swift */; };
		35CDF878BC5F06832930C428 /* Request.swift in Sources */ = {isa = PBXBuildFile; fileRef = 35CDF163D3D544FF6BA85274 /* Request.swift */; };
		35CDF898559FF72626DC43D7 /* ProductDetailCollectionViewController.swift in Sources */ = {isa = PBXBuildFile; fileRef = 35CDFA7ACDB764783DA186B9 /* ProductDetailCollectionViewController.swift */; };
		35CDF8D8E1FA7D397C6CC6C8 /* NetworkImageFetcherTests.swift in Sources */ = {isa = PBXBuildFile; fileRef = 35CDFF224D24D78988D316A8 /* NetworkImageFetcherTests.swift */; };
		35CDF903A7E8B39FF7A82097 /* MockProductDetailFetcher.swift in Sources */ = {isa = PBXBuildFile; fileRef = 35CDFE7DFAF2A0995FE670E0 /* MockProductDetailFetcher.swift */; };
		35CDF91CD538B9199A1824ED /* Assets.xcassets in Resources */ = {isa = PBXBuildFile; fileRef = 35CDF8302F3BE7081111C3F0 /* Assets.xcassets */; };
		35CDF925DEB1F15DE5B4B404 /* Fetcher.swift in Sources */ = {isa = PBXBuildFile; fileRef = 35CDF9CD0B692433876D78D8 /* Fetcher.swift */; };
		35CDF934F7BDCB1EB4BA9370 /* NetworkProductDetailFetcher.swift in Sources */ = {isa = PBXBuildFile; fileRef = 35CDFF686CB01DE6DD03D8C9 /* NetworkProductDetailFetcher.swift */; };
		35CDF9C85116A413A4AF1568 /* ImageFetcher.swift in Sources */ = {isa = PBXBuildFile; fileRef = 35CDF6ADF1EC2455D3B53F51 /* ImageFetcher.swift */; };
		35CDF9F5152AA0462FD5008D /* MockProductListFetcher.swift in Sources */ = {isa = PBXBuildFile; fileRef = 35CDFAD7DB43320766B42122 /* MockProductListFetcher.swift */; };
		35CDFA340C4B8043A874E33F /* ProductDetailView.swift in Sources */ = {isa = PBXBuildFile; fileRef = 35CDFAF05839AFF68D28B46C /* ProductDetailView.swift */; };
		35CDFAB61577E5910EC61A94 /* ProductDetailFetcher.swift in Sources */ = {isa = PBXBuildFile; fileRef = 35CDF61A4124C816A52C5E5C /* ProductDetailFetcher.swift */; };
		35CDFAF2BF7F257455568C3C /* Main.storyboard in Resources */ = {isa = PBXBuildFile; fileRef = 35CDF364D346846704F7FE83 /* Main.storyboard */; };
		35CDFB3BF3957CD26C3C2ADC /* ProductListFetcher.swift in Sources */ = {isa = PBXBuildFile; fileRef = 35CDFA264DA80F50CD72B753 /* ProductListFetcher.swift */; };
		35CDFB64C84D516027307945 /* NetworkProductDetailFetcherTests.swift in Sources */ = {isa = PBXBuildFile; fileRef = 35CDFBDCFC54A5496D765E9A /* NetworkProductDetailFetcherTests.swift */; };
		35CDFB8DF05B800AB27E38A6 /* RequestFactory.swift in Sources */ = {isa = PBXBuildFile; fileRef = 35CDF2986EA794A8975D58B4 /* RequestFactory.swift */; };
		35CDFBA399C019A7A04EE600 /* LaunchScreen.storyboard in Resources */ = {isa = PBXBuildFile; fileRef = 35CDF0006BBBC70BBA140445 /* LaunchScreen.storyboard */; };
		35CDFC4461A08CAD7B8FE249 /* MockImageFetcher.swift in Sources */ = {isa = PBXBuildFile; fileRef = 35CDF088D8080C7911A77365 /* MockImageFetcher.swift */; };
		35CDFC79C1C1C930BEE464CF /* ProductDetailPresenterTests.swift in Sources */ = {isa = PBXBuildFile; fileRef = 35CDFD3466C5BF50FA7C4DD1 /* ProductDetailPresenterTests.swift */; };
		35CDFCE377CA8F6CBFC63AA4 /* NetworkImageFetcher.swift in Sources */ = {isa = PBXBuildFile; fileRef = 35CDF09D74E8E69990D785BC /* NetworkImageFetcher.swift */; };
		35CDFD58714DCBD41B44336E /* TestHelpers.swift in Sources */ = {isa = PBXBuildFile; fileRef = 35CDF2AD5D470F674D0F45AD /* TestHelpers.swift */; };
		35CDFD63BE49FA9085269216 /* Result.swift in Sources */ = {isa = PBXBuildFile; fileRef = 35CDFCD423B2CD589670480D /* Result.swift */; };
		35CDFDC90692AA3AB9BEA558 /* MockParser.swift in Sources */ = {isa = PBXBuildFile; fileRef = 35CDFC502AD5B6FEA8BD45C4 /* MockParser.swift */; };
		35CDFE353BC90D5940204E15 /* ProductDetail.swift in Sources */ = {isa = PBXBuildFile; fileRef = 35CDFE0D6C7864C5D0FC401B /* ProductDetail.swift */; };
		35CDFE779BC2C4E0BB3BBA49 /* MockProductDetailRouter.swift in Sources */ = {isa = PBXBuildFile; fileRef = 35CDF6DCBB4FCFEFF580C777 /* MockProductDetailRouter.swift */; };
		35CDFECE82A33245F7862E4D /* URLSchemeFixerTests.swift in Sources */ = {isa = PBXBuildFile; fileRef = 35CDF9CD258F64275EE1C63A /* URLSchemeFixerTests.swift */; };
		CDC715EE25585DEEAC3B7164 /* Pods_JohnLewis.framework in Frameworks */ = {isa = PBXBuildFile; fileRef = DC480A2C859955A5864FA633 /* Pods_JohnLewis.framework */; };
/* End PBXBuildFile section */

/* Begin PBXContainerItemProxy section */
		146E98E51E1E4B080047ABFA /* PBXContainerItemProxy */ = {
			isa = PBXContainerItemProxy;
			containerPortal = 146E98C81E1E4B080047ABFA /* Project object */;
			proxyType = 1;
			remoteGlobalIDString = 146E98CF1E1E4B080047ABFA;
			remoteInfo = JohnLewis;
		};
/* End PBXContainerItemProxy section */

/* Begin PBXFileReference section */
		08FF1CA70BAF8DF28D5001B1 /* Pods-JohnLewis.release.xcconfig */ = {isa = PBXFileReference; includeInIndex = 1; lastKnownFileType = text.xcconfig; name = "Pods-JohnLewis.release.xcconfig"; path = "Pods/Target Support Files/Pods-JohnLewis/Pods-JohnLewis.release.xcconfig"; sourceTree = "<group>"; };
		146E98D01E1E4B080047ABFA /* JohnLewis.app */ = {isa = PBXFileReference; explicitFileType = wrapper.application; includeInIndex = 0; path = JohnLewis.app; sourceTree = BUILT_PRODUCTS_DIR; };
		146E98E41E1E4B080047ABFA /* JohnLewisTests.xctest */ = {isa = PBXFileReference; explicitFileType = wrapper.cfbundle; includeInIndex = 0; path = JohnLewisTests.xctest; sourceTree = BUILT_PRODUCTS_DIR; };
		35CDF04AE263F840342044E2 /* ProductListViewPresenterTests.swift */ = {isa = PBXFileReference; fileEncoding = 4; lastKnownFileType = sourcecode.swift; path = ProductListViewPresenterTests.swift; sourceTree = "<group>"; };
		35CDF088D8080C7911A77365 /* MockImageFetcher.swift */ = {isa = PBXFileReference; fileEncoding = 4; lastKnownFileType = sourcecode.swift; path = MockImageFetcher.swift; sourceTree = "<group>"; };
		35CDF09D74E8E69990D785BC /* NetworkImageFetcher.swift */ = {isa = PBXFileReference; fileEncoding = 4; lastKnownFileType = sourcecode.swift; path = NetworkImageFetcher.swift; sourceTree = "<group>"; };
		35CDF0B165E3D693BB5968C4 /* DataParserTests.swift */ = {isa = PBXFileReference; fileEncoding = 4; lastKnownFileType = sourcecode.swift; path = DataParserTests.swift; sourceTree = "<group>"; };
		35CDF0D8206175D5E7AFDD6E /* main.swift */ = {isa = PBXFileReference; fileEncoding = 4; lastKnownFileType = sourcecode.swift; path = main.swift; sourceTree = "<group>"; };
		35CDF163D3D544FF6BA85274 /* Request.swift */ = {isa = PBXFileReference; fileEncoding = 4; lastKnownFileType = sourcecode.swift; path = Request.swift; sourceTree = "<group>"; };
		35CDF16EFF9344DDF6CC746A /* DefaultRequestFactory.swift */ = {isa = PBXFileReference; fileEncoding = 4; lastKnownFileType = sourcecode.swift; path = DefaultRequestFactory.swift; sourceTree = "<group>"; };
		35CDF22092357EF24CBC7C79 /* ProductDetailPresenter.swift */ = {isa = PBXFileReference; fileEncoding = 4; lastKnownFileType = sourcecode.swift; path = ProductDetailPresenter.swift; sourceTree = "<group>"; };
		35CDF232002765ACFF9ECDA6 /* Base */ = {isa = PBXFileReference; lastKnownFileType = file.storyboard; name = Base; path = JohnLewis/Base.lproj/Main.storyboard; sourceTree = SOURCE_ROOT; };
		35CDF2986EA794A8975D58B4 /* RequestFactory.swift */ = {isa = PBXFileReference; fileEncoding = 4; lastKnownFileType = sourcecode.swift; path = RequestFactory.swift; sourceTree = "<group>"; };
		35CDF2A4547F9BD287542CDD /* ProductListViewPresenter.swift */ = {isa = PBXFileReference; fileEncoding = 4; lastKnownFileType = sourcecode.swift; path = ProductListViewPresenter.swift; sourceTree = "<group>"; };
		35CDF2AD5D470F674D0F45AD /* TestHelpers.swift */ = {isa = PBXFileReference; fileEncoding = 4; lastKnownFileType = sourcecode.swift; path = TestHelpers.swift; sourceTree = "<group>"; };
		35CDF30510E4B59E76846633 /* JLRequest.swift */ = {isa = PBXFileReference; fileEncoding = 4; lastKnownFileType = sourcecode.swift; path = JLRequest.swift; sourceTree = "<group>"; };
		35CDF3E8F58C3F2FB93034EA /* NetworkProductListFetcher.swift */ = {isa = PBXFileReference; fileEncoding = 4; lastKnownFileType = sourcecode.swift; path = NetworkProductListFetcher.swift; sourceTree = "<group>"; };
		35CDF3F0ED25A71FBF57E54C /* ProductListCollectionViewController.swift */ = {isa = PBXFileReference; fileEncoding = 4; lastKnownFileType = sourcecode.swift; path = ProductListCollectionViewController.swift; sourceTree = "<group>"; };
		35CDF4AACF71BA265B5620CA /* ProductCell.swift */ = {isa = PBXFileReference; fileEncoding = 4; lastKnownFileType = sourcecode.swift; path = ProductCell.swift; sourceTree = "<group>"; };
		35CDF4FCAD478063FB203BC1 /* ProductDetail.swift */ = {isa = PBXFileReference; fileEncoding = 4; lastKnownFileType = sourcecode.swift; path = ProductDetail.swift; sourceTree = "<group>"; };
		35CDF61224AA9CB39A1982A6 /* Base */ = {isa = PBXFileReference; lastKnownFileType = file.storyboard; name = Base; path = JohnLewis/Base.lproj/LaunchScreen.storyboard; sourceTree = SOURCE_ROOT; };
		35CDF61A4124C816A52C5E5C /* ProductDetailFetcher.swift */ = {isa = PBXFileReference; fileEncoding = 4; lastKnownFileType = sourcecode.swift; path = ProductDetailFetcher.swift; sourceTree = "<group>"; };
		35CDF62FDF86AF41A42C43B2 /* ProductListEventHandler.swift */ = {isa = PBXFileReference; fileEncoding = 4; lastKnownFileType = sourcecode.swift; path = ProductListEventHandler.swift; sourceTree = "<group>"; };
		35CDF6ADF1EC2455D3B53F51 /* ImageFetcher.swift */ = {isa = PBXFileReference; fileEncoding = 4; lastKnownFileType = sourcecode.swift; path = ImageFetcher.swift; sourceTree = "<group>"; };
		35CDF6DCBB4FCFEFF580C777 /* MockProductDetailRouter.swift */ = {isa = PBXFileReference; fileEncoding = 4; lastKnownFileType = sourcecode.swift; path = MockProductDetailRouter.swift; sourceTree = "<group>"; };
		35CDF6E998D5778C7D39AD37 /* URLSchemeFixer.swift */ = {isa = PBXFileReference; fileEncoding = 4; lastKnownFileType = sourcecode.swift; path = URLSchemeFixer.swift; sourceTree = "<group>"; };
		35CDF718317C61B7C52D22C8 /* DataParser.swift */ = {isa = PBXFileReference; fileEncoding = 4; lastKnownFileType = sourcecode.swift; path = DataParser.swift; sourceTree = "<group>"; };
		35CDF72E2A6C989F2D4E6619 /* MockRequestFactory.swift */ = {isa = PBXFileReference; fileEncoding = 4; lastKnownFileType = sourcecode.swift; path = MockRequestFactory.swift; sourceTree = "<group>"; };
		35CDF745D92BBBA9F7EC1677 /* ProductTests.swift */ = {isa = PBXFileReference; fileEncoding = 4; lastKnownFileType = sourcecode.swift; path = ProductTests.swift; sourceTree = "<group>"; };
		35CDF819B515DD03FB50119A /* MockRequest.swift */ = {isa = PBXFileReference; fileEncoding = 4; lastKnownFileType = sourcecode.swift; path = MockRequest.swift; sourceTree = "<group>"; };
		35CDF823C6AF4067F7E1B1C0 /* Info.plist */ = {isa = PBXFileReference; fileEncoding = 4; lastKnownFileType = text.plist.info; path = Info.plist; sourceTree = "<group>"; };
		35CDF8302F3BE7081111C3F0 /* Assets.xcassets */ = {isa = PBXFileReference; lastKnownFileType = folder.assetcatalog; path = Assets.xcassets; sourceTree = "<group>"; };
		35CDF864DA591952765BCC3D /* RequestFactoryTests.swift */ = {isa = PBXFileReference; fileEncoding = 4; lastKnownFileType = sourcecode.swift; path = RequestFactoryTests.swift; sourceTree = "<group>"; };
		35CDF8A68B76B75F85E28CEB /* NetworkProductListFetcherTests.swift */ = {isa = PBXFileReference; fileEncoding = 4; lastKnownFileType = sourcecode.swift; path = NetworkProductListFetcherTests.swift; sourceTree = "<group>"; };
		35CDF97F39545CB6F390165D /* Constants.swift */ = {isa = PBXFileReference; fileEncoding = 4; lastKnownFileType = sourcecode.swift; path = Constants.swift; sourceTree = "<group>"; };
		35CDF9CD0B692433876D78D8 /* Fetcher.swift */ = {isa = PBXFileReference; fileEncoding = 4; lastKnownFileType = sourcecode.swift; path = Fetcher.swift; sourceTree = "<group>"; };
		35CDF9CD258F64275EE1C63A /* URLSchemeFixerTests.swift */ = {isa = PBXFileReference; fileEncoding = 4; lastKnownFileType = sourcecode.swift; path = URLSchemeFixerTests.swift; sourceTree = "<group>"; };
		35CDF9D79326D30EDE762F4C /* MockProductListView.swift */ = {isa = PBXFileReference; fileEncoding = 4; lastKnownFileType = sourcecode.swift; path = MockProductListView.swift; sourceTree = "<group>"; };
		35CDF9E4D771884190909689 /* ProductListView.swift */ = {isa = PBXFileReference; fileEncoding = 4; lastKnownFileType = sourcecode.swift; path = ProductListView.swift; sourceTree = "<group>"; };
		35CDFA1BF31BAF06B15667C4 /* Product.swift */ = {isa = PBXFileReference; fileEncoding = 4; lastKnownFileType = sourcecode.swift; path = Product.swift; sourceTree = "<group>"; };
		35CDFA264DA80F50CD72B753 /* ProductListFetcher.swift */ = {isa = PBXFileReference; fileEncoding = 4; lastKnownFileType = sourcecode.swift; path = ProductListFetcher.swift; sourceTree = "<group>"; };
		35CDFA7ACDB764783DA186B9 /* ProductDetailCollectionViewController.swift */ = {isa = PBXFileReference; fileEncoding = 4; lastKnownFileType = sourcecode.swift; path = ProductDetailCollectionViewController.swift; sourceTree = "<group>"; };
		35CDFA86B6754B02FA424186 /* Info.plist */ = {isa = PBXFileReference; fileEncoding = 4; lastKnownFileType = text.plist.info; path = Info.plist; sourceTree = "<group>"; };
		35CDFAD7DB43320766B42122 /* MockProductListFetcher.swift */ = {isa = PBXFileReference; fileEncoding = 4; lastKnownFileType = sourcecode.swift; path = MockProductListFetcher.swift; sourceTree = "<group>"; };
		35CDFAF05839AFF68D28B46C /* ProductDetailView.swift */ = {isa = PBXFileReference; fileEncoding = 4; lastKnownFileType = sourcecode.swift; path = ProductDetailView.swift; sourceTree = "<group>"; };
		35CDFB2E6F5DEE3F5338865A /* MockProductDetailView.swift */ = {isa = PBXFileReference; fileEncoding = 4; lastKnownFileType = sourcecode.swift; path = MockProductDetailView.swift; sourceTree = "<group>"; };
		35CDFB8D01E9F272700E33BA /* ProductDetailRouter.swift */ = {isa = PBXFileReference; fileEncoding = 4; lastKnownFileType = sourcecode.swift; path = ProductDetailRouter.swift; sourceTree = "<group>"; };
		35CDFBDCFC54A5496D765E9A /* NetworkProductDetailFetcherTests.swift */ = {isa = PBXFileReference; fileEncoding = 4; lastKnownFileType = sourcecode.swift; path = NetworkProductDetailFetcherTests.swift; sourceTree = "<group>"; };
		35CDFC502AD5B6FEA8BD45C4 /* MockParser.swift */ = {isa = PBXFileReference; fileEncoding = 4; lastKnownFileType = sourcecode.swift; path = MockParser.swift; sourceTree = "<group>"; };
		35CDFC6A08286B9EFF6AA296 /* ResultTests.swift */ = {isa = PBXFileReference; fileEncoding = 4; lastKnownFileType = sourcecode.swift; path = ResultTests.swift; sourceTree = "<group>"; };
		35CDFCD423B2CD589670480D /* Result.swift */ = {isa = PBXFileReference; fileEncoding = 4; lastKnownFileType = sourcecode.swift; path = Result.swift; sourceTree = "<group>"; };
		35CDFD06AAB5C1099AD68EDE /* ProductDetailEventHandler.swift */ = {isa = PBXFileReference; fileEncoding = 4; lastKnownFileType = sourcecode.swift; path = ProductDetailEventHandler.swift; sourceTree = "<group>"; };
		35CDFD3466C5BF50FA7C4DD1 /* ProductDetailPresenterTests.swift */ = {isa = PBXFileReference; fileEncoding = 4; lastKnownFileType = sourcecode.swift; path = ProductDetailPresenterTests.swift; sourceTree = "<group>"; };
		35CDFD93187C8B4B9A0DCFBF /* PushingProductDetailRouter.swift */ = {isa = PBXFileReference; fileEncoding = 4; lastKnownFileType = sourcecode.swift; path = PushingProductDetailRouter.swift; sourceTree = "<group>"; };
		35CDFE0D6C7864C5D0FC401B /* ProductDetail.swift */ = {isa = PBXFileReference; fileEncoding = 4; lastKnownFileType = sourcecode.swift; path = ProductDetail.swift; sourceTree = "<group>"; };
		35CDFE7DFAF2A0995FE670E0 /* MockProductDetailFetcher.swift */ = {isa = PBXFileReference; fileEncoding = 4; lastKnownFileType = sourcecode.swift; path = MockProductDetailFetcher.swift; sourceTree = "<group>"; };
		35CDFEF70E992531E349E31F /* AppDelegate.swift */ = {isa = PBXFileReference; fileEncoding = 4; lastKnownFileType = sourcecode.swift; path = AppDelegate.swift; sourceTree = "<group>"; };
		35CDFF06D8DC12F1D22416E4 /* FetcherTests.swift */ = {isa = PBXFileReference; fileEncoding = 4; lastKnownFileType = sourcecode.swift; path = FetcherTests.swift; sourceTree = "<group>"; };
		35CDFF224D24D78988D316A8 /* NetworkImageFetcherTests.swift */ = {isa = PBXFileReference; fileEncoding = 4; lastKnownFileType = sourcecode.swift; path = NetworkImageFetcherTests.swift; sourceTree = "<group>"; };
		35CDFF686CB01DE6DD03D8C9 /* NetworkProductDetailFetcher.swift */ = {isa = PBXFileReference; fileEncoding = 4; lastKnownFileType = sourcecode.swift; path = NetworkProductDetailFetcher.swift; sourceTree = "<group>"; };
		590B04D2C995D2E96B6C0DBD /* Pods-JohnLewisTests.release.xcconfig */ = {isa = PBXFileReference; includeInIndex = 1; lastKnownFileType = text.xcconfig; name = "Pods-JohnLewisTests.release.xcconfig"; path = "Pods/Target Support Files/Pods-JohnLewisTests/Pods-JohnLewisTests.release.xcconfig"; sourceTree = "<group>"; };
		8AA29AE6121274E2AD283443 /* Pods_JohnLewisTests.framework */ = {isa = PBXFileReference; explicitFileType = wrapper.framework; includeInIndex = 0; path = Pods_JohnLewisTests.framework; sourceTree = BUILT_PRODUCTS_DIR; };
		DC480A2C859955A5864FA633 /* Pods_JohnLewis.framework */ = {isa = PBXFileReference; explicitFileType = wrapper.framework; includeInIndex = 0; path = Pods_JohnLewis.framework; sourceTree = BUILT_PRODUCTS_DIR; };
		EC2873B2252A8C1BB6C21F16 /* Pods-JohnLewis.debug.xcconfig */ = {isa = PBXFileReference; includeInIndex = 1; lastKnownFileType = text.xcconfig; name = "Pods-JohnLewis.debug.xcconfig"; path = "Pods/Target Support Files/Pods-JohnLewis/Pods-JohnLewis.debug.xcconfig"; sourceTree = "<group>"; };
		FFBC05CA31EC6DFC63790D96 /* Pods-JohnLewisTests.debug.xcconfig */ = {isa = PBXFileReference; includeInIndex = 1; lastKnownFileType = text.xcconfig; name = "Pods-JohnLewisTests.debug.xcconfig"; path = "Pods/Target Support Files/Pods-JohnLewisTests/Pods-JohnLewisTests.debug.xcconfig"; sourceTree = "<group>"; };
/* End PBXFileReference section */

/* Begin PBXFrameworksBuildPhase section */
		146E98CD1E1E4B080047ABFA /* Frameworks */ = {
			isa = PBXFrameworksBuildPhase;
			buildActionMask = 2147483647;
			files = (
				CDC715EE25585DEEAC3B7164 /* Pods_JohnLewis.framework in Frameworks */,
			);
			runOnlyForDeploymentPostprocessing = 0;
		};
		146E98E11E1E4B080047ABFA /* Frameworks */ = {
			isa = PBXFrameworksBuildPhase;
			buildActionMask = 2147483647;
			files = (
				00C5A1990CD74B29B6EB538F /* Pods_JohnLewisTests.framework in Frameworks */,
			);
			runOnlyForDeploymentPostprocessing = 0;
		};
/* End PBXFrameworksBuildPhase section */

/* Begin PBXGroup section */
		146E98C71E1E4B080047ABFA = {
			isa = PBXGroup;
			children = (
				146E98D21E1E4B080047ABFA /* JohnLewis */,
				146E98E71E1E4B080047ABFA /* JohnLewisTests */,
				146E98D11E1E4B080047ABFA /* Products */,
				31E953B5C2C0DD9561F33AEE /* Pods */,
				A4FC66CAF1AF74B82CE5A6B4 /* Frameworks */,
			);
			sourceTree = "<group>";
		};
		146E98D11E1E4B080047ABFA /* Products */ = {
			isa = PBXGroup;
			children = (
				146E98D01E1E4B080047ABFA /* JohnLewis.app */,
				146E98E41E1E4B080047ABFA /* JohnLewisTests.xctest */,
			);
			name = Products;
			sourceTree = "<group>";
		};
		146E98D21E1E4B080047ABFA /* JohnLewis */ = {
			isa = PBXGroup;
			children = (
				35CDFBC5835041C3B9939CC5 /* Main */,
				35CDF3020DB134E2EF2961B4 /* Resources */,
				35CDFED19E1AE88A5C6D4809 /* Product List */,
				35CDFC16AA60B12733425D2E /* Utilities */,
				35CDF61C6F3347AC0B90D80F /* Product Detail */,
			);
			path = JohnLewis;
			sourceTree = "<group>";
		};
		146E98E71E1E4B080047ABFA /* JohnLewisTests */ = {
			isa = PBXGroup;
			children = (
				35CDFE579219F47C5621C530 /* Resources */,
				35CDF3E1460F36FF399725A0 /* Tests */,
				35CDF78493A9DE08676C05A8 /* Helpers */,
			);
			path = JohnLewisTests;
			sourceTree = "<group>";
		};
		31E953B5C2C0DD9561F33AEE /* Pods */ = {
			isa = PBXGroup;
			children = (
				EC2873B2252A8C1BB6C21F16 /* Pods-JohnLewis.debug.xcconfig */,
				08FF1CA70BAF8DF28D5001B1 /* Pods-JohnLewis.release.xcconfig */,
				FFBC05CA31EC6DFC63790D96 /* Pods-JohnLewisTests.debug.xcconfig */,
				590B04D2C995D2E96B6C0DBD /* Pods-JohnLewisTests.release.xcconfig */,
			);
			name = Pods;
			sourceTree = "<group>";
		};
		35CDF03A395AC23B94135E0D /* Request */ = {
			isa = PBXGroup;
			children = (
				35CDF819B515DD03FB50119A /* MockRequest.swift */,
				35CDF864DA591952765BCC3D /* RequestFactoryTests.swift */,
				35CDF72E2A6C989F2D4E6619 /* MockRequestFactory.swift */,
			);
			path = Request;
			sourceTree = "<group>";
		};
		35CDF0704A9644F54863549E /* Entity */ = {
			isa = PBXGroup;
			children = (
				35CDF745D92BBBA9F7EC1677 /* ProductTests.swift */,
			);
			path = Entity;
			sourceTree = "<group>";
		};
		35CDF0C1C98DACEEB1BBEA62 /* Gateway */ = {
			isa = PBXGroup;
			children = (
				35CDF61A4124C816A52C5E5C /* ProductDetailFetcher.swift */,
			);
			path = Gateway;
			sourceTree = "<group>";
		};
		35CDF0DDEB2E2BE6056565ED /* Gateway */ = {
			isa = PBXGroup;
			children = (
				35CDFAD7DB43320766B42122 /* MockProductListFetcher.swift */,
				35CDF088D8080C7911A77365 /* MockImageFetcher.swift */,
			);
			path = Gateway;
			sourceTree = "<group>";
		};
		35CDF1BBDD55607466BFA07E /* Utilities */ = {
			isa = PBXGroup;
			children = (
				35CDFC6A08286B9EFF6AA296 /* ResultTests.swift */,
				35CDF03A395AC23B94135E0D /* Request */,
				35CDF9CD258F64275EE1C63A /* URLSchemeFixerTests.swift */,
				35CDF5935CC3C98B299A1E69 /* Fetcher */,
			);
			path = Utilities;
			sourceTree = "<group>";
		};
		35CDF1C32C11C45EEE1FE773 /* View */ = {
			isa = PBXGroup;
			children = (
				35CDF22092357EF24CBC7C79 /* ProductDetailPresenter.swift */,
				35CDFAF05839AFF68D28B46C /* ProductDetailView.swift */,
				35CDFA7ACDB764783DA186B9 /* ProductDetailCollectionViewController.swift */,
				35CDFD93187C8B4B9A0DCFBF /* PushingProductDetailRouter.swift */,
				35CDFD06AAB5C1099AD68EDE /* ProductDetailEventHandler.swift */,
				35CDFB8D01E9F272700E33BA /* ProductDetailRouter.swift */,
			);
			path = View;
			sourceTree = "<group>";
		};
		35CDF1D14F9076AFF069B5C8 /* Fetcher */ = {
			isa = PBXGroup;
			children = (
				35CDF9CD0B692433876D78D8 /* Fetcher.swift */,
				35CDF718317C61B7C52D22C8 /* DataParser.swift */,
			);
			path = Fetcher;
			sourceTree = "<group>";
		};
		35CDF3020DB134E2EF2961B4 /* Resources */ = {
			isa = PBXGroup;
			children = (
				35CDF8302F3BE7081111C3F0 /* Assets.xcassets */,
				35CDFA86B6754B02FA424186 /* Info.plist */,
				35CDF0006BBBC70BBA140445 /* LaunchScreen.storyboard */,
				35CDF364D346846704F7FE83 /* Main.storyboard */,
			);
			path = Resources;
			sourceTree = "<group>";
		};
		35CDF3E1460F36FF399725A0 /* Tests */ = {
			isa = PBXGroup;
			children = (
				35CDF63088F04A00473A0EB8 /* Product List */,
				35CDF1BBDD55607466BFA07E /* Utilities */,
				35CDF54E3182740F160D9379 /* Product Detail */,
			);
			path = Tests;
			sourceTree = "<group>";
		};
		35CDF3F50002DFBA90BF59E3 /* Network */ = {
			isa = PBXGroup;
			children = (
				35CDFF686CB01DE6DD03D8C9 /* NetworkProductDetailFetcher.swift */,
			);
			path = Network;
			sourceTree = "<group>";
		};
		35CDF51F534EA21AAB319CE1 /* Network */ = {
			isa = PBXGroup;
			children = (
				35CDF8A68B76B75F85E28CEB /* NetworkProductListFetcherTests.swift */,
				35CDFF224D24D78988D316A8 /* NetworkImageFetcherTests.swift */,
			);
			path = Network;
			sourceTree = "<group>";
		};
		35CDF54E3182740F160D9379 /* Product Detail */ = {
			isa = PBXGroup;
			children = (
				35CDFD789C832071489F0558 /* Network */,
				35CDFC3807869E39F028355C /* Entity */,
				35CDFC1789B6E94E2FD989A5 /* View */,
				35CDFB24079DEEF91B3F69A1 /* Gateway */,
			);
			name = "Product Detail";
			path = "JohnLewisTests/Product Detail";
			sourceTree = SOURCE_ROOT;
		};
		35CDF5935CC3C98B299A1E69 /* Fetcher */ = {
			isa = PBXGroup;
			children = (
				35CDFC502AD5B6FEA8BD45C4 /* MockParser.swift */,
				35CDFF06D8DC12F1D22416E4 /* FetcherTests.swift */,
				35CDF0B165E3D693BB5968C4 /* DataParserTests.swift */,
			);
			path = Fetcher;
			sourceTree = "<group>";
		};
		35CDF59CDB79C7AAAE93E668 /* Request */ = {
			isa = PBXGroup;
			children = (
				35CDF2986EA794A8975D58B4 /* RequestFactory.swift */,
				35CDF163D3D544FF6BA85274 /* Request.swift */,
				35CDF30510E4B59E76846633 /* JLRequest.swift */,
				35CDF16EFF9344DDF6CC746A /* DefaultRequestFactory.swift */,
			);
			path = Request;
			sourceTree = "<group>";
		};
		35CDF61C6F3347AC0B90D80F /* Product Detail */ = {
			isa = PBXGroup;
			children = (
				35CDF3F50002DFBA90BF59E3 /* Network */,
				35CDF93582ED93FD4EAC85D7 /* Entity */,
				35CDF1C32C11C45EEE1FE773 /* View */,
				35CDF0C1C98DACEEB1BBEA62 /* Gateway */,
			);
			path = "Product Detail";
			sourceTree = "<group>";
		};
		35CDF63088F04A00473A0EB8 /* Product List */ = {
			isa = PBXGroup;
			children = (
				35CDF51F534EA21AAB319CE1 /* Network */,
				35CDF0704A9644F54863549E /* Entity */,
				35CDFB8037C846C716964D83 /* View */,
				35CDF0DDEB2E2BE6056565ED /* Gateway */,
			);
			path = "Product List";
			sourceTree = "<group>";
		};
		35CDF6A5F9EDC363C5BA7A51 /* Gateway */ = {
			isa = PBXGroup;
			children = (
				35CDFA264DA80F50CD72B753 /* ProductListFetcher.swift */,
				35CDF6ADF1EC2455D3B53F51 /* ImageFetcher.swift */,
			);
			path = Gateway;
			sourceTree = "<group>";
		};
		35CDF78493A9DE08676C05A8 /* Helpers */ = {
			isa = PBXGroup;
			children = (
				35CDF2AD5D470F674D0F45AD /* TestHelpers.swift */,
			);
			path = Helpers;
			sourceTree = "<group>";
		};
		35CDF8C805AB28C187C2B7EF /* Network */ = {
			isa = PBXGroup;
			children = (
				35CDF3E8F58C3F2FB93034EA /* NetworkProductListFetcher.swift */,
				35CDF09D74E8E69990D785BC /* NetworkImageFetcher.swift */,
			);
			path = Network;
			sourceTree = "<group>";
		};
		35CDF93582ED93FD4EAC85D7 /* Entity */ = {
			isa = PBXGroup;
			children = (
				35CDFE0D6C7864C5D0FC401B /* ProductDetail.swift */,
			);
			path = Entity;
			sourceTree = "<group>";
		};
		35CDF9A7E3C6AC45788B73E9 /* View */ = {
			isa = PBXGroup;
			children = (
				35CDF2A4547F9BD287542CDD /* ProductListViewPresenter.swift */,
				35CDF9E4D771884190909689 /* ProductListView.swift */,
				35CDF3F0ED25A71FBF57E54C /* ProductListCollectionViewController.swift */,
				35CDF4AACF71BA265B5620CA /* ProductCell.swift */,
				35CDF62FDF86AF41A42C43B2 /* ProductListEventHandler.swift */,
			);
			path = View;
			sourceTree = "<group>";
		};
		35CDFB24079DEEF91B3F69A1 /* Gateway */ = {
			isa = PBXGroup;
			children = (
				35CDFE7DFAF2A0995FE670E0 /* MockProductDetailFetcher.swift */,
			);
			path = Gateway;
			sourceTree = "<group>";
		};
		35CDFB8037C846C716964D83 /* View */ = {
			isa = PBXGroup;
			children = (
				35CDF04AE263F840342044E2 /* ProductListViewPresenterTests.swift */,
				35CDF9D79326D30EDE762F4C /* MockProductListView.swift */,
			);
			path = View;
			sourceTree = "<group>";
		};
		35CDFBC5835041C3B9939CC5 /* Main */ = {
			isa = PBXGroup;
			children = (
				35CDFEF70E992531E349E31F /* AppDelegate.swift */,
				35CDF0D8206175D5E7AFDD6E /* main.swift */,
				35CDF97F39545CB6F390165D /* Constants.swift */,
			);
			path = Main;
			sourceTree = "<group>";
		};
		35CDFC16AA60B12733425D2E /* Utilities */ = {
			isa = PBXGroup;
			children = (
				35CDFCD423B2CD589670480D /* Result.swift */,
				35CDF59CDB79C7AAAE93E668 /* Request */,
				35CDF6E998D5778C7D39AD37 /* URLSchemeFixer.swift */,
				35CDF1D14F9076AFF069B5C8 /* Fetcher */,
			);
			path = Utilities;
			sourceTree = "<group>";
		};
		35CDFC1789B6E94E2FD989A5 /* View */ = {
			isa = PBXGroup;
			children = (
				35CDFD3466C5BF50FA7C4DD1 /* ProductDetailPresenterTests.swift */,
				35CDFB2E6F5DEE3F5338865A /* MockProductDetailView.swift */,
				35CDF6DCBB4FCFEFF580C777 /* MockProductDetailRouter.swift */,
			);
			path = View;
			sourceTree = "<group>";
		};
		35CDFC3807869E39F028355C /* Entity */ = {
			isa = PBXGroup;
			children = (
				35CDF4FCAD478063FB203BC1 /* ProductDetail.swift */,
			);
			path = Entity;
			sourceTree = "<group>";
		};
		35CDFD789C832071489F0558 /* Network */ = {
			isa = PBXGroup;
			children = (
				35CDFBDCFC54A5496D765E9A /* NetworkProductDetailFetcherTests.swift */,
			);
			path = Network;
			sourceTree = "<group>";
		};
		35CDFE32A41ADFCA31D0DEBE /* Entity */ = {
			isa = PBXGroup;
			children = (
				35CDFA1BF31BAF06B15667C4 /* Product.swift */,
			);
			path = Entity;
			sourceTree = "<group>";
		};
		35CDFE579219F47C5621C530 /* Resources */ = {
			isa = PBXGroup;
			children = (
				35CDF823C6AF4067F7E1B1C0 /* Info.plist */,
			);
			path = Resources;
			sourceTree = "<group>";
		};
		35CDFED19E1AE88A5C6D4809 /* Product List */ = {
			isa = PBXGroup;
			children = (
				35CDF8C805AB28C187C2B7EF /* Network */,
				35CDFE32A41ADFCA31D0DEBE /* Entity */,
				35CDF9A7E3C6AC45788B73E9 /* View */,
				35CDF6A5F9EDC363C5BA7A51 /* Gateway */,
			);
			path = "Product List";
			sourceTree = "<group>";
		};
		A4FC66CAF1AF74B82CE5A6B4 /* Frameworks */ = {
			isa = PBXGroup;
			children = (
				DC480A2C859955A5864FA633 /* Pods_JohnLewis.framework */,
				8AA29AE6121274E2AD283443 /* Pods_JohnLewisTests.framework */,
			);
			name = Frameworks;
			sourceTree = "<group>";
		};
/* End PBXGroup section */

/* Begin PBXNativeTarget section */
		146E98CF1E1E4B080047ABFA /* JohnLewis */ = {
			isa = PBXNativeTarget;
			buildConfigurationList = 146E98ED1E1E4B080047ABFA /* Build configuration list for PBXNativeTarget "JohnLewis" */;
			buildPhases = (
				D5E5FC88D5C71061C7848FC2 /* [CP] Check Pods Manifest.lock */,
				146E98CC1E1E4B080047ABFA /* Sources */,
				146E98CD1E1E4B080047ABFA /* Frameworks */,
				146E98CE1E1E4B080047ABFA /* Resources */,
				782D5048F15041F965330AAC /* [CP] Embed Pods Frameworks */,
				FAEA0DCA3741A9508CB984EE /* [CP] Copy Pods Resources */,
			);
			buildRules = (
			);
			dependencies = (
			);
			name = JohnLewis;
			productName = JohnLewis;
			productReference = 146E98D01E1E4B080047ABFA /* JohnLewis.app */;
			productType = "com.apple.product-type.application";
		};
		146E98E31E1E4B080047ABFA /* JohnLewisTests */ = {
			isa = PBXNativeTarget;
			buildConfigurationList = 146E98F01E1E4B080047ABFA /* Build configuration list for PBXNativeTarget "JohnLewisTests" */;
			buildPhases = (
				EBB3CA9D2924FC9E900D42AD /* [CP] Check Pods Manifest.lock */,
				146E98E01E1E4B080047ABFA /* Sources */,
				146E98E11E1E4B080047ABFA /* Frameworks */,
				146E98E21E1E4B080047ABFA /* Resources */,
				DC3B0D11FD9CAA944D8E7520 /* [CP] Embed Pods Frameworks */,
				0172E3A5B75D05A9F86E6289 /* [CP] Copy Pods Resources */,
			);
			buildRules = (
			);
			dependencies = (
				146E98E61E1E4B080047ABFA /* PBXTargetDependency */,
			);
			name = JohnLewisTests;
			productName = JohnLewisTests;
			productReference = 146E98E41E1E4B080047ABFA /* JohnLewisTests.xctest */;
			productType = "com.apple.product-type.bundle.unit-test";
		};
/* End PBXNativeTarget section */

/* Begin PBXProject section */
		146E98C81E1E4B080047ABFA /* Project object */ = {
			isa = PBXProject;
			attributes = {
				LastSwiftUpdateCheck = 0820;
				LastUpgradeCheck = 0820;
				ORGANIZATIONNAME = "Sean Henry";
				TargetAttributes = {
					146E98CF1E1E4B080047ABFA = {
						CreatedOnToolsVersion = 8.2;
						ProvisioningStyle = Automatic;
					};
					146E98E31E1E4B080047ABFA = {
						CreatedOnToolsVersion = 8.2;
						ProvisioningStyle = Automatic;
						TestTargetID = 146E98CF1E1E4B080047ABFA;
					};
				};
			};
			buildConfigurationList = 146E98CB1E1E4B080047ABFA /* Build configuration list for PBXProject "JohnLewis" */;
			compatibilityVersion = "Xcode 3.2";
			developmentRegion = English;
			hasScannedForEncodings = 0;
			knownRegions = (
				en,
				Base,
			);
			mainGroup = 146E98C71E1E4B080047ABFA;
			productRefGroup = 146E98D11E1E4B080047ABFA /* Products */;
			projectDirPath = "";
			projectRoot = "";
			targets = (
				146E98CF1E1E4B080047ABFA /* JohnLewis */,
				146E98E31E1E4B080047ABFA /* JohnLewisTests */,
			);
		};
/* End PBXProject section */

/* Begin PBXResourcesBuildPhase section */
		146E98CE1E1E4B080047ABFA /* Resources */ = {
			isa = PBXResourcesBuildPhase;
			buildActionMask = 2147483647;
			files = (
				35CDF91CD538B9199A1824ED /* Assets.xcassets in Resources */,
				35CDFBA399C019A7A04EE600 /* LaunchScreen.storyboard in Resources */,
				35CDFAF2BF7F257455568C3C /* Main.storyboard in Resources */,
			);
			runOnlyForDeploymentPostprocessing = 0;
		};
		146E98E21E1E4B080047ABFA /* Resources */ = {
			isa = PBXResourcesBuildPhase;
			buildActionMask = 2147483647;
			files = (
			);
			runOnlyForDeploymentPostprocessing = 0;
		};
/* End PBXResourcesBuildPhase section */

/* Begin PBXShellScriptBuildPhase section */
		0172E3A5B75D05A9F86E6289 /* [CP] Copy Pods Resources */ = {
			isa = PBXShellScriptBuildPhase;
			buildActionMask = 2147483647;
			files = (
			);
			inputPaths = (
			);
			name = "[CP] Copy Pods Resources";
			outputPaths = (
			);
			runOnlyForDeploymentPostprocessing = 0;
			shellPath = /bin/sh;
			shellScript = "\"${SRCROOT}/Pods/Target Support Files/Pods-JohnLewisTests/Pods-JohnLewisTests-resources.sh\"\n";
			showEnvVarsInLog = 0;
		};
		782D5048F15041F965330AAC /* [CP] Embed Pods Frameworks */ = {
			isa = PBXShellScriptBuildPhase;
			buildActionMask = 2147483647;
			files = (
			);
			inputPaths = (
			);
			name = "[CP] Embed Pods Frameworks";
			outputPaths = (
			);
			runOnlyForDeploymentPostprocessing = 0;
			shellPath = /bin/sh;
			shellScript = "\"${SRCROOT}/Pods/Target Support Files/Pods-JohnLewis/Pods-JohnLewis-frameworks.sh\"\n";
			showEnvVarsInLog = 0;
		};
		D5E5FC88D5C71061C7848FC2 /* [CP] Check Pods Manifest.lock */ = {
			isa = PBXShellScriptBuildPhase;
			buildActionMask = 2147483647;
			files = (
			);
			inputPaths = (
			);
			name = "[CP] Check Pods Manifest.lock";
			outputPaths = (
			);
			runOnlyForDeploymentPostprocessing = 0;
			shellPath = /bin/sh;
			shellScript = "diff \"${PODS_ROOT}/../Podfile.lock\" \"${PODS_ROOT}/Manifest.lock\" > /dev/null\nif [ $? != 0 ] ; then\n    # print error to STDERR\n    echo \"error: The sandbox is not in sync with the Podfile.lock. Run 'pod install' or update your CocoaPods installation.\" >&2\n    exit 1\nfi\n";
			showEnvVarsInLog = 0;
		};
		DC3B0D11FD9CAA944D8E7520 /* [CP] Embed Pods Frameworks */ = {
			isa = PBXShellScriptBuildPhase;
			buildActionMask = 2147483647;
			files = (
			);
			inputPaths = (
			);
			name = "[CP] Embed Pods Frameworks";
			outputPaths = (
			);
			runOnlyForDeploymentPostprocessing = 0;
			shellPath = /bin/sh;
			shellScript = "\"${SRCROOT}/Pods/Target Support Files/Pods-JohnLewisTests/Pods-JohnLewisTests-frameworks.sh\"\n";
			showEnvVarsInLog = 0;
		};
		EBB3CA9D2924FC9E900D42AD /* [CP] Check Pods Manifest.lock */ = {
			isa = PBXShellScriptBuildPhase;
			buildActionMask = 2147483647;
			files = (
			);
			inputPaths = (
			);
			name = "[CP] Check Pods Manifest.lock";
			outputPaths = (
			);
			runOnlyForDeploymentPostprocessing = 0;
			shellPath = /bin/sh;
			shellScript = "diff \"${PODS_ROOT}/../Podfile.lock\" \"${PODS_ROOT}/Manifest.lock\" > /dev/null\nif [ $? != 0 ] ; then\n    # print error to STDERR\n    echo \"error: The sandbox is not in sync with the Podfile.lock. Run 'pod install' or update your CocoaPods installation.\" >&2\n    exit 1\nfi\n";
			showEnvVarsInLog = 0;
		};
		FAEA0DCA3741A9508CB984EE /* [CP] Copy Pods Resources */ = {
			isa = PBXShellScriptBuildPhase;
			buildActionMask = 2147483647;
			files = (
			);
			inputPaths = (
			);
			name = "[CP] Copy Pods Resources";
			outputPaths = (
			);
			runOnlyForDeploymentPostprocessing = 0;
			shellPath = /bin/sh;
			shellScript = "\"${SRCROOT}/Pods/Target Support Files/Pods-JohnLewis/Pods-JohnLewis-resources.sh\"\n";
			showEnvVarsInLog = 0;
		};
/* End PBXShellScriptBuildPhase section */

/* Begin PBXSourcesBuildPhase section */
		146E98CC1E1E4B080047ABFA /* Sources */ = {
			isa = PBXSourcesBuildPhase;
			buildActionMask = 2147483647;
			files = (
				35CDF5D2B84D876AB8FFEBEE /* AppDelegate.swift in Sources */,
				35CDF5FE8AA0536A8E6F6612 /* main.swift in Sources */,
				35CDFD63BE49FA9085269216 /* Result.swift in Sources */,
				35CDF5692C7402428C0BE11C /* Product.swift in Sources */,
				35CDF2A08937CC15F0461AEA /* NetworkProductListFetcher.swift in Sources */,
				35CDF4AE409499C3753DC086 /* ProductListViewPresenter.swift in Sources */,
				35CDFB3BF3957CD26C3C2ADC /* ProductListFetcher.swift in Sources */,
				35CDF6387CFA6414E9E1B7C9 /* ProductListView.swift in Sources */,
				35CDF1C4F0C12A9E68687086 /* ProductListCollectionViewController.swift in Sources */,
				35CDF502EEFFAB1C545F5ACF /* ProductCell.swift in Sources */,
				35CDF6FDA8A268F07D261DDD /* ProductListEventHandler.swift in Sources */,
				35CDFCE377CA8F6CBFC63AA4 /* NetworkImageFetcher.swift in Sources */,
				35CDFB8DF05B800AB27E38A6 /* RequestFactory.swift in Sources */,
				35CDF878BC5F06832930C428 /* Request.swift in Sources */,
				35CDF66B60BAA8408BF5C0A1 /* JLRequest.swift in Sources */,
				35CDF3FA826A09D94E8F28B4 /* DefaultRequestFactory.swift in Sources */,
				35CDF9C85116A413A4AF1568 /* ImageFetcher.swift in Sources */,
				35CDF52DDEEA9AD4E7225F24 /* URLSchemeFixer.swift in Sources */,
				35CDF934F7BDCB1EB4BA9370 /* NetworkProductDetailFetcher.swift in Sources */,
				35CDF925DEB1F15DE5B4B404 /* Fetcher.swift in Sources */,
				35CDF3C37E484D1967DF4D73 /* DataParser.swift in Sources */,
				35CDFE353BC90D5940204E15 /* ProductDetail.swift in Sources */,
				35CDF20BD194BAF4D7B43367 /* ProductDetailPresenter.swift in Sources */,
				35CDFAB61577E5910EC61A94 /* ProductDetailFetcher.swift in Sources */,
				35CDFA340C4B8043A874E33F /* ProductDetailView.swift in Sources */,
				35CDF898559FF72626DC43D7 /* ProductDetailCollectionViewController.swift in Sources */,
				35CDF0B22B206B5F19461C18 /* PushingProductDetailRouter.swift in Sources */,
				35CDF1D8533EF60F24979076 /* Constants.swift in Sources */,
				35CDF1153EA12311F3CCF0AB /* ProductDetailEventHandler.swift in Sources */,
				35CDF6AC6CA2097F2B385884 /* ProductDetailRouter.swift in Sources */,
			);
			runOnlyForDeploymentPostprocessing = 0;
		};
		146E98E01E1E4B080047ABFA /* Sources */ = {
			isa = PBXSourcesBuildPhase;
			buildActionMask = 2147483647;
			files = (
				35CDFD58714DCBD41B44336E /* TestHelpers.swift in Sources */,
				35CDF3EB80ED1352B256B53D /* ProductTests.swift in Sources */,
				35CDF32B3A79A38117E73DA3 /* NetworkProductListFetcherTests.swift in Sources */,
				35CDF15818B93E3BFD617A75 /* ProductListViewPresenterTests.swift in Sources */,
				35CDF9F5152AA0462FD5008D /* MockProductListFetcher.swift in Sources */,
				35CDF2C74CF30BE5456C2CC9 /* MockProductListView.swift in Sources */,
				35CDF8D8E1FA7D397C6CC6C8 /* NetworkImageFetcherTests.swift in Sources */,
				35CDFC4461A08CAD7B8FE249 /* MockImageFetcher.swift in Sources */,
				35CDF86B85F296B549175BBB /* ResultTests.swift in Sources */,
				35CDF7E46E21000A4EE02C63 /* MockRequest.swift in Sources */,
				35CDF193B21B19EA8BBC9FEF /* RequestFactoryTests.swift in Sources */,
				35CDF273B7BD2E6BA1470881 /* MockRequestFactory.swift in Sources */,
				35CDFECE82A33245F7862E4D /* URLSchemeFixerTests.swift in Sources */,
				35CDFB64C84D516027307945 /* NetworkProductDetailFetcherTests.swift in Sources */,
				35CDFDC90692AA3AB9BEA558 /* MockParser.swift in Sources */,
				35CDF385772AB306726D0B80 /* FetcherTests.swift in Sources */,
				35CDF53546F38224D570A24E /* DataParserTests.swift in Sources */,
				35CDF800AC41A8DADBB61551 /* ProductDetail.swift in Sources */,
				35CDFC79C1C1C930BEE464CF /* ProductDetailPresenterTests.swift in Sources */,
				35CDF903A7E8B39FF7A82097 /* MockProductDetailFetcher.swift in Sources */,
				35CDF4E01131858E729DB72D /* MockProductDetailView.swift in Sources */,
				35CDFE779BC2C4E0BB3BBA49 /* MockProductDetailRouter.swift in Sources */,
			);
			runOnlyForDeploymentPostprocessing = 0;
		};
/* End PBXSourcesBuildPhase section */

/* Begin PBXTargetDependency section */
		146E98E61E1E4B080047ABFA /* PBXTargetDependency */ = {
			isa = PBXTargetDependency;
			target = 146E98CF1E1E4B080047ABFA /* JohnLewis */;
			targetProxy = 146E98E51E1E4B080047ABFA /* PBXContainerItemProxy */;
		};
/* End PBXTargetDependency section */

/* Begin PBXVariantGroup section */
		35CDF0006BBBC70BBA140445 /* LaunchScreen.storyboard */ = {
			isa = PBXVariantGroup;
			children = (
				35CDF61224AA9CB39A1982A6 /* Base */,
			);
			name = LaunchScreen.storyboard;
			sourceTree = "<group>";
		};
		35CDF364D346846704F7FE83 /* Main.storyboard */ = {
			isa = PBXVariantGroup;
			children = (
				35CDF232002765ACFF9ECDA6 /* Base */,
			);
			name = Main.storyboard;
			sourceTree = "<group>";
		};
/* End PBXVariantGroup section */

/* Begin XCBuildConfiguration section */
		146E98EB1E1E4B080047ABFA /* Debug */ = {
			isa = XCBuildConfiguration;
			buildSettings = {
				ALWAYS_SEARCH_USER_PATHS = NO;
				CLANG_ANALYZER_NONNULL = YES;
				CLANG_CXX_LANGUAGE_STANDARD = "gnu++0x";
				CLANG_CXX_LIBRARY = "libc++";
				CLANG_ENABLE_MODULES = YES;
				CLANG_ENABLE_OBJC_ARC = YES;
				CLANG_WARN_BOOL_CONVERSION = YES;
				CLANG_WARN_CONSTANT_CONVERSION = YES;
				CLANG_WARN_DIRECT_OBJC_ISA_USAGE = YES_ERROR;
				CLANG_WARN_DOCUMENTATION_COMMENTS = YES;
				CLANG_WARN_EMPTY_BODY = YES;
				CLANG_WARN_ENUM_CONVERSION = YES;
				CLANG_WARN_INFINITE_RECURSION = YES;
				CLANG_WARN_INT_CONVERSION = YES;
				CLANG_WARN_OBJC_ROOT_CLASS = YES_ERROR;
				CLANG_WARN_SUSPICIOUS_MOVE = YES;
				CLANG_WARN_UNREACHABLE_CODE = YES;
				CLANG_WARN__DUPLICATE_METHOD_MATCH = YES;
				"CODE_SIGN_IDENTITY[sdk=iphoneos*]" = "iPhone Developer";
				COPY_PHASE_STRIP = NO;
				DEBUG_INFORMATION_FORMAT = dwarf;
				ENABLE_STRICT_OBJC_MSGSEND = YES;
				ENABLE_TESTABILITY = YES;
				GCC_C_LANGUAGE_STANDARD = gnu99;
				GCC_DYNAMIC_NO_PIC = NO;
				GCC_NO_COMMON_BLOCKS = YES;
				GCC_OPTIMIZATION_LEVEL = 0;
				GCC_PREPROCESSOR_DEFINITIONS = (
					"DEBUG=1",
					"$(inherited)",
				);
				GCC_WARN_64_TO_32_BIT_CONVERSION = YES;
				GCC_WARN_ABOUT_RETURN_TYPE = YES_ERROR;
				GCC_WARN_UNDECLARED_SELECTOR = YES;
				GCC_WARN_UNINITIALIZED_AUTOS = YES_AGGRESSIVE;
				GCC_WARN_UNUSED_FUNCTION = YES;
				GCC_WARN_UNUSED_VARIABLE = YES;
				IPHONEOS_DEPLOYMENT_TARGET = 10.2;
				MTL_ENABLE_DEBUG_INFO = YES;
				ONLY_ACTIVE_ARCH = YES;
				SDKROOT = iphoneos;
				SWIFT_ACTIVE_COMPILATION_CONDITIONS = DEBUG;
				SWIFT_OPTIMIZATION_LEVEL = "-Onone";
				TARGETED_DEVICE_FAMILY = 2;
			};
			name = Debug;
		};
		146E98EC1E1E4B080047ABFA /* Release */ = {
			isa = XCBuildConfiguration;
			buildSettings = {
				ALWAYS_SEARCH_USER_PATHS = NO;
				CLANG_ANALYZER_NONNULL = YES;
				CLANG_CXX_LANGUAGE_STANDARD = "gnu++0x";
				CLANG_CXX_LIBRARY = "libc++";
				CLANG_ENABLE_MODULES = YES;
				CLANG_ENABLE_OBJC_ARC = YES;
				CLANG_WARN_BOOL_CONVERSION = YES;
				CLANG_WARN_CONSTANT_CONVERSION = YES;
				CLANG_WARN_DIRECT_OBJC_ISA_USAGE = YES_ERROR;
				CLANG_WARN_DOCUMENTATION_COMMENTS = YES;
				CLANG_WARN_EMPTY_BODY = YES;
				CLANG_WARN_ENUM_CONVERSION = YES;
				CLANG_WARN_INFINITE_RECURSION = YES;
				CLANG_WARN_INT_CONVERSION = YES;
				CLANG_WARN_OBJC_ROOT_CLASS = YES_ERROR;
				CLANG_WARN_SUSPICIOUS_MOVE = YES;
				CLANG_WARN_UNREACHABLE_CODE = YES;
				CLANG_WARN__DUPLICATE_METHOD_MATCH = YES;
				"CODE_SIGN_IDENTITY[sdk=iphoneos*]" = "iPhone Developer";
				COPY_PHASE_STRIP = NO;
				DEBUG_INFORMATION_FORMAT = "dwarf-with-dsym";
				ENABLE_NS_ASSERTIONS = NO;
				ENABLE_STRICT_OBJC_MSGSEND = YES;
				GCC_C_LANGUAGE_STANDARD = gnu99;
				GCC_NO_COMMON_BLOCKS = YES;
				GCC_WARN_64_TO_32_BIT_CONVERSION = YES;
				GCC_WARN_ABOUT_RETURN_TYPE = YES_ERROR;
				GCC_WARN_UNDECLARED_SELECTOR = YES;
				GCC_WARN_UNINITIALIZED_AUTOS = YES_AGGRESSIVE;
				GCC_WARN_UNUSED_FUNCTION = YES;
				GCC_WARN_UNUSED_VARIABLE = YES;
				IPHONEOS_DEPLOYMENT_TARGET = 10.2;
				MTL_ENABLE_DEBUG_INFO = NO;
				SDKROOT = iphoneos;
				SWIFT_OPTIMIZATION_LEVEL = "-Owholemodule";
				TARGETED_DEVICE_FAMILY = 2;
				VALIDATE_PRODUCT = YES;
			};
			name = Release;
		};
		146E98EE1E1E4B080047ABFA /* Debug */ = {
			isa = XCBuildConfiguration;
			baseConfigurationReference = EC2873B2252A8C1BB6C21F16 /* Pods-JohnLewis.debug.xcconfig */;
			buildSettings = {
				ASSETCATALOG_COMPILER_APPICON_NAME = AppIcon;
				INFOPLIST_FILE = JohnLewis/Resources/Info.plist;
				LD_RUNPATH_SEARCH_PATHS = "$(inherited) @executable_path/Frameworks";
				PRODUCT_BUNDLE_IDENTIFIER = codes.seanhenry.JohnLewis;
				PRODUCT_NAME = "$(TARGET_NAME)";
				SWIFT_VERSION = 3.0;
			};
			name = Debug;
		};
		146E98EF1E1E4B080047ABFA /* Release */ = {
			isa = XCBuildConfiguration;
			baseConfigurationReference = 08FF1CA70BAF8DF28D5001B1 /* Pods-JohnLewis.release.xcconfig */;
			buildSettings = {
				ASSETCATALOG_COMPILER_APPICON_NAME = AppIcon;
				INFOPLIST_FILE = JohnLewis/Resources/Info.plist;
				LD_RUNPATH_SEARCH_PATHS = "$(inherited) @executable_path/Frameworks";
				PRODUCT_BUNDLE_IDENTIFIER = codes.seanhenry.JohnLewis;
				PRODUCT_NAME = "$(TARGET_NAME)";
				SWIFT_VERSION = 3.0;
			};
			name = Release;
		};
		146E98F11E1E4B080047ABFA /* Debug */ = {
			isa = XCBuildConfiguration;
			baseConfigurationReference = FFBC05CA31EC6DFC63790D96 /* Pods-JohnLewisTests.debug.xcconfig */;
			buildSettings = {
				ALWAYS_EMBED_SWIFT_STANDARD_LIBRARIES = YES;
				BUNDLE_LOADER = "$(TEST_HOST)";
				INFOPLIST_FILE = JohnLewisTests/Resources/Info.plist;
				LD_RUNPATH_SEARCH_PATHS = "$(inherited) @executable_path/Frameworks @loader_path/Frameworks";
				PRODUCT_BUNDLE_IDENTIFIER = codes.seanhenry.JohnLewisTests;
				PRODUCT_NAME = "$(TARGET_NAME)";
				SWIFT_VERSION = 3.0;
				TEST_HOST = "$(BUILT_PRODUCTS_DIR)/JohnLewis.app/JohnLewis";
			};
			name = Debug;
		};
		146E98F21E1E4B080047ABFA /* Release */ = {
			isa = XCBuildConfiguration;
			baseConfigurationReference = 590B04D2C995D2E96B6C0DBD /* Pods-JohnLewisTests.release.xcconfig */;
			buildSettings = {
				ALWAYS_EMBED_SWIFT_STANDARD_LIBRARIES = YES;
				BUNDLE_LOADER = "$(TEST_HOST)";
				INFOPLIST_FILE = JohnLewisTests/Resources/Info.plist;
				LD_RUNPATH_SEARCH_PATHS = "$(inherited) @executable_path/Frameworks @loader_path/Frameworks";
				PRODUCT_BUNDLE_IDENTIFIER = codes.seanhenry.JohnLewisTests;
				PRODUCT_NAME = "$(TARGET_NAME)";
				SWIFT_VERSION = 3.0;
				TEST_HOST = "$(BUILT_PRODUCTS_DIR)/JohnLewis.app/JohnLewis";
			};
			name = Release;
		};
/* End XCBuildConfiguration section */

/* Begin XCConfigurationList section */
		146E98CB1E1E4B080047ABFA /* Build configuration list for PBXProject "JohnLewis" */ = {
			isa = XCConfigurationList;
			buildConfigurations = (
				146E98EB1E1E4B080047ABFA /* Debug */,
				146E98EC1E1E4B080047ABFA /* Release */,
			);
			defaultConfigurationIsVisible = 0;
			defaultConfigurationName = Release;
		};
		146E98ED1E1E4B080047ABFA /* Build configuration list for PBXNativeTarget "JohnLewis" */ = {
			isa = XCConfigurationList;
			buildConfigurations = (
				146E98EE1E1E4B080047ABFA /* Debug */,
				146E98EF1E1E4B080047ABFA /* Release */,
			);
			defaultConfigurationIsVisible = 0;
			defaultConfigurationName = Release;
		};
		146E98F01E1E4B080047ABFA /* Build configuration list for PBXNativeTarget "JohnLewisTests" */ = {
			isa = XCConfigurationList;
			buildConfigurations = (
				146E98F11E1E4B080047ABFA /* Debug */,
				146E98F21E1E4B080047ABFA /* Release */,
			);
			defaultConfigurationIsVisible = 0;
			defaultConfigurationName = Release;
		};
/* End XCConfigurationList section */
	};
	rootObject = 146E98C81E1E4B080047ABFA /* Project object */;
}
